
Microsoft Visual Studio Solution File, Format Version 11.00
# Visual Studio 2010
Project("{9769FB7E-F73D-4CEC-9FDC-83ADA1307FCA}") = "pce2png", "pce2png.vcxproj", "{8CA48F4A-D52C-4D96-A626-4B2997E6AFB5}"
EndProject
Global
	GlobalSection(SolutionConfigurationPlatforms) = preSolution
		Debug|Win32 = Debug|Win32
		Release|Win32 = Release|Win32
	EndGlobalSection
	GlobalSection(ProjectConfigurationPlatforms) = postSolution
		{8CA48F4A-D52C-4D96-A626-4B2997E6AFB5}.Debug|Win32.ActiveCfg = Debug|Win32
		{8CA48F4A-D52C-4D96-A626-4B2997E6AFB5}.Debug|Win32.Build.0 = Debug|Win32
		{8CA48F4A-D52C-4D96-A626-4B2997E6AFB5}.Release|Win32.ActiveCfg = Release|Win32
		{8CA48F4A-D52C-4D96-A626-4B2997E6AFB5}.Release|Win32.Build.0 = Release|Win32
	EndGlobalSection
	GlobalSection(SolutionProperties) = preSolution
		HideSolutionNode = FALSE
	EndGlobalSection
EndGlobal
