<?xml version="1.0" encoding="utf-8"?>
<Project ToolsVersion="4.0" xmlns="http://schemas.microsoft.com/developer/msbuild/2003">
  <ItemGroup>
    <ClCompile Include="..\assemble.c" />
    <ClCompile Include="..\atari.c" />
    <ClCompile Include="..\code.c" />
    <ClCompile Include="..\command.c" />
    <ClCompile Include="..\crc.c" />
    <ClCompile Include="..\expr.c" />
    <ClCompile Include="..\func.c" />
    <ClCompile Include="..\input.c" />
    <ClCompile Include="..\macro.c" />
    <ClCompile Include="..\main.c " />
    <ClCompile Include="..\map.c" />
    <ClCompile Include="..\mml.c" />
    <ClCompile Include="..\nes.c" />
    <ClCompile Include="..\output.c" />
    <ClCompile Include="..\pce.c" />
    <ClCompile Include="..\pcx.c" />
    <ClCompile Include="..\proc.c" />
    <ClCompile Include="..\symbol.c" />
    <ClCompile Include="..\xgetopt.c" />
    <ClCompile Include="..\pngreadwrite\adler32.c">
      <Filter>pngreadwrite</Filter>
    </ClCompile>
    <ClCompile Include="..\pngreadwrite\compress.c">
      <Filter>pngreadwrite</Filter>
    </ClCompile>
    <ClCompile Include="..\pngreadwrite\crc32.c">
      <Filter>pngreadwrite</Filter>
    </ClCompile>
    <ClCompile Include="..\pngreadwrite\deflate.c">
      <Filter>pngreadwrite</Filter>
    </ClCompile>
    <ClCompile Include="..\pngreadwrite\inffast.c">
      <Filter>pngreadwrite</Filter>
    </ClCompile>
    <ClCompile Include="..\pngreadwrite\inflate.c">
      <Filter>pngreadwrite</Filter>
    </ClCompile>
    <ClCompile Include="..\pngreadwrite\inftrees.c">
      <Filter>pngreadwrite</Filter>
    </ClCompile>
    <ClCompile Include="..\pngreadwrite\png.c">
      <Filter>pngreadwrite</Filter>
    </ClCompile>
    <ClCompile Include="..\pngreadwrite\pngerror.c">
      <Filter>pngreadwrite</Filter>
    </ClCompile>
    <ClCompile Include="..\pngreadwrite\pngget.c">
      <Filter>pngreadwrite</Filter>
    </ClCompile>
    <ClCompile Include="..\pngreadwrite\pngmem.c">
      <Filter>pngreadwrite</Filter>
    </ClCompile>
    <ClCompile Include="..\pngreadwrite\pngread.c">
      <Filter>pngreadwrite</Filter>
    </ClCompile>
    <ClCompile Include="..\pngreadwrite\pngrio.c">
      <Filter>pngreadwrite</Filter>
    </ClCompile>
    <ClCompile Include="..\pngreadwrite\pngrtran.c">
      <Filter>pngreadwrite</Filter>
    </ClCompile>
    <ClCompile Include="..\pngreadwrite\pngrutil.c">
      <Filter>pngreadwrite</Filter>
    </ClCompile>
    <ClCompile Include="..\pngreadwrite\pngset.c">
      <Filter>pngreadwrite</Filter>
    </ClCompile>
    <ClCompile Include="..\pngreadwrite\pngtrans.c">
      <Filter>pngreadwrite</Filter>
    </ClCompile>
    <ClCompile Include="..\pngreadwrite\pngwio.c">
      <Filter>pngreadwrite</Filter>
    </ClCompile>
    <ClCompile Include="..\pngreadwrite\pngwrite.c">
      <Filter>pngreadwrite</Filter>
    </ClCompile>
    <ClCompile Include="..\pngreadwrite\pngwtran.c">
      <Filter>pngreadwrite</Filter>
    </ClCompile>
    <ClCompile Include="..\pngreadwrite\pngwutil.c">
      <Filter>pngreadwrite</Filter>
    </ClCompile>
    <ClCompile Include="..\pngreadwrite\trees.c">
      <Filter>pngreadwrite</Filter>
    </ClCompile>
    <ClCompile Include="..\pngreadwrite\zutil.c">
      <Filter>pngreadwrite</Filter>
    </ClCompile>
    <ClCompile Include="..\salvador\divsufsort.c">
      <Filter>salvador</Filter>
    </ClCompile>
    <ClCompile Include="..\salvador\divsufsort_utils.c">
      <Filter>salvador</Filter>
    </ClCompile>
    <ClCompile Include="..\salvador\matchfinder.c">
      <Filter>salvador</Filter>
    </ClCompile>
    <ClCompile Include="..\salvador\shrink.c">
      <Filter>salvador</Filter>
    </ClCompile>
    <ClCompile Include="..\salvador\sssort.c">
      <Filter>salvador</Filter>
    </ClCompile>
    <ClCompile Include="..\salvador\trsort.c">
      <Filter>salvador</Filter>
    </ClCompile>
  </ItemGroup>
  <ItemGroup>
    <ClInclude Include="..\atari.h" />
    <ClInclude Include="..\defs.h" />
    <ClInclude Include="..\expr.h" />
    <ClInclude Include="..\externs.h" />
    <ClInclude Include="..\inst.h" />
    <ClInclude Include="..\nes.h" />
    <ClInclude Include="..\overlay.h" />
    <ClInclude Include="..\pce.h" />
    <ClInclude Include="..\protos.h" />
    <ClInclude Include="..\vars.h" />
    <ClInclude Include="..\version.h" />
    <ClInclude Include="..\xgetopt.h" />
    <ClInclude Include="..\pngreadwrite\crc32.h">
      <Filter>pngreadwrite</Filter>
    </ClInclude>
    <ClInclude Include="..\pngreadwrite\deflate.h">
      <Filter>pngreadwrite</Filter>
    </ClInclude>
    <ClInclude Include="..\pngreadwrite\inffast.h">
      <Filter>pngreadwrite</Filter>
    </ClInclude>
    <ClInclude Include="..\pngreadwrite\inffixed.h">
      <Filter>pngreadwrite</Filter>
    </ClInclude>
    <ClInclude Include="..\pngreadwrite\inflate.h">
      <Filter>pngreadwrite</Filter>
    </ClInclude>
    <ClInclude Include="..\pngreadwrite\inftrees.h">
      <Filter>pngreadwrite</Filter>
    </ClInclude>
    <ClInclude Include="..\pngreadwrite\png.h">
      <Filter>pngreadwrite</Filter>
    </ClInclude>
    <ClInclude Include="..\pngreadwrite\pngconf.h">
      <Filter>pngreadwrite</Filter>
    </ClInclude>
    <ClInclude Include="..\pngreadwrite\pngdebug.h">
      <Filter>pngreadwrite</Filter>
    </ClInclude>
    <ClInclude Include="..\pngreadwrite\pnginfo.h">
      <Filter>pngreadwrite</Filter>
    </ClInclude>
    <ClInclude Include="..\pngreadwrite\pnglibconf.h">
      <Filter>pngreadwrite</Filter>
    </ClInclude>
    <ClInclude Include="..\pngreadwrite\pngpriv.h">
      <Filter>pngreadwrite</Filter>
    </ClInclude>
    <ClInclude Include="..\pngreadwrite\pngstruct.h">
      <Filter>pngreadwrite</Filter>
    </ClInclude>
    <ClInclude Include="..\pngreadwrite\pngusr.h">
      <Filter>pngreadwrite</Filter>
    </ClInclude>
    <ClInclude Include="..\pngreadwrite\trees.h">
      <Filter>pngreadwrite</Filter>
    </ClInclude>
    <ClInclude Include="..\pngreadwrite\zconf.h">
      <Filter>pngreadwrite</Filter>
    </ClInclude>
    <ClInclude Include="..\pngreadwrite\zlib.h">
      <Filter>pngreadwrite</Filter>
    </ClInclude>
    <ClInclude Include="..\pngreadwrite\zutil.h">
      <Filter>pngreadwrite</Filter>
    </ClInclude>
    <ClInclude Include="..\salvador\divsufsort.h">
      <Filter>salvador</Filter>
    </ClInclude>
    <ClInclude Include="..\salvador\divsufsort_config.h">
      <Filter>salvador</Filter>
    </ClInclude>
    <ClInclude Include="..\salvador\divsufsort_private.h">
      <Filter>salvador</Filter>
    </ClInclude>
    <ClInclude Include="..\salvador\format.h">
      <Filter>salvador</Filter>
    </ClInclude>
    <ClInclude Include="..\salvador\libsalvador.h">
      <Filter>salvador</Filter>
    </ClInclude>
    <ClInclude Include="..\salvador\matchfinder.h">
      <Filter>salvador</Filter>
    </ClInclude>
    <ClInclude Include="..\salvador\shrink.h">
      <Filter>salvador</Filter>
    </ClInclude>
  </ItemGroup>
  <ItemGroup>
    <Filter Include="pngreadwrite">
      <UniqueIdentifier>{f724e509-7f12-4614-beaf-eca641c264e0}</UniqueIdentifier>
    </Filter>
    <Filter Include="salvador">
      <UniqueIdentifier>{2e923b64-4e4a-4104-9f28-27d5ca160801}</UniqueIdentifier>
    </Filter>
  </ItemGroup>
</Project>